github.com/aws/aws-sdk-go v1.27.0 h1:0xphMHGMLBrPMfxR2AmVjZKcMEESEgWF8Kru94BNByk=
github.com/aws/aws-sdk-go v1.27.0/go.mod h1:KmX6BPdI08NWTb3/sm4ZGu5ShLoqVDhKgpiN924inxo=
github.com/docker/distribution v2.7.1+incompatible h1:a5mlkVzth6W5A4fOsS3D2EO5BUmsJpcB+cRlLU7cSug=
github.com/docker/distribution v2.7.1+incompatible/go.mod h1:J2gT2udsDAN96Uj4KfcMRqY0/ypR+oyYUYmja8H+y+w=
github.com/fitquick/dynamodb-examples v0.0.0-20170404215933-c4f9e8b3181d h1:G9LjVlRrw2CPKDkWXX6MSXxNFHBaJL4qpOZj1SScWDQ=
github.com/fitquick/dynamodb-examples v0.0.0-20170404215933-c4f9e8b3181d/go.mod h1:II0HWX6R2+FCNaZFKlNCAbr1zOkK+VndxM0+mh4lBP8=
github.com/google/uuid v1.1.1 h1:Gkbcsh/GbpXz7lPftLA3P6TYMwjCLYm83jiFQZF/3gY=
github.com/google/uuid v1.1.1/go.mod h1:TIyPZe4MgqvfeYDBFedMoGGpEw/LqOeaOT+nhxU+yHo=
github.com/jmespath/go-jmespath v0.0.0-20180206201540-c2b33e8439af h1:pmfjZENx5imkbgOkpRUYLnmbU7UEFbjtDA2hxJ1ichM=
github.com/jmespath/go-jmespath v0.0.0-20180206201540-c2b33e8439af/go.mod h1:Nht3zPeWKUH0NzdCt2Blrr5ys8VGpn0CEB0cQHVjt7k=
